
Microsoft Visual Studio Solution File, Format Version 12.00
# Visual Studio Version 17
VisualStudioVersion = 17.0.32112.339
MinimumVisualStudioVersion = 10.0.40219.1
Project("{FAE04EC0-301F-11D3-BF4B-00C04F79EFBC}") = "PokerCard", "PokerCard\PokerCard.csproj", "{8C229456-167C-4BC3-8543-676DA1F3311C}"
EndProject
Global
	GlobalSection(SolutionConfigurationPlatforms) = preSolution
		Debug|Any CPU = Debug|Any CPU
		Release|Any CPU = Release|Any CPU
	EndGlobalSection
	GlobalSection(ProjectConfigurationPlatforms) = postSolution
		{8C229456-167C-4BC3-8543-676DA1F3311C}.Debug|Any CPU.ActiveCfg = Debug|Any CPU
		{8C229456-167C-4BC3-8543-676DA1F3311C}.Debug|Any CPU.Build.0 = Debug|Any CPU
		{8C229456-167C-4BC3-8543-676DA1F3311C}.Release|Any CPU.ActiveCfg = Release|Any CPU
		{8C229456-167C-4BC3-8543-676DA1F3311C}.Release|Any CPU.Build.0 = Release|Any CPU
	EndGlobalSection
	GlobalSection(SolutionProperties) = preSolution
		HideSolutionNode = FALSE
	EndGlobalSection
	GlobalSection(ExtensibilityGlobals) = postSolution
		SolutionGuid = {A3038172-0178-4F29-80D5-18EBA6FC2D67}
	EndGlobalSection
EndGlobal
